// !$*UTF8*$!
{
	archiveVersion = 1;
	classes = {
	};
	objectVersion = 56;
	objects = {

/* Begin PBXBuildFile section */
		652EF599295F8987008D6EEE /* UbuntuMono-BI.ttf in Resources */ = {isa = PBXBuildFile; fileRef = 652EF595295F8987008D6EEE /* UbuntuMono-BI.ttf */; };
		652EF59A295F8987008D6EEE /* UbuntuMono-R.ttf in Resources */ = {isa = PBXBuildFile; fileRef = 652EF596295F8987008D6EEE /* UbuntuMono-R.ttf */; };
		652EF59B295F8987008D6EEE /* UbuntuMono-B.ttf in Resources */ = {isa = PBXBuildFile; fileRef = 652EF597295F8987008D6EEE /* UbuntuMono-B.ttf */; };
		652EF59C295F8987008D6EEE /* UbuntuMono-RI.ttf in Resources */ = {isa = PBXBuildFile; fileRef = 652EF598295F8987008D6EEE /* UbuntuMono-RI.ttf */; };
		652F6A83295DDAFF0017FEAA /* AttributedText in Frameworks */ = {isa = PBXBuildFile; productRef = 652F6A82295DDAFF0017FEAA /* AttributedText */; };
		6553A802295DA232000EB084 /* OpsClockApp.swift in Sources */ = {isa = PBXBuildFile; fileRef = 6553A801295DA232000EB084 /* OpsClockApp.swift */; };
		6553A804295DA232000EB084 /* Persistence.swift in Sources */ = {isa = PBXBuildFile; fileRef = 6553A803295DA232000EB084 /* Persistence.swift */; };
		6553A807295DA232000EB084 /* OpsClock.xcdatamodeld in Sources */ = {isa = PBXBuildFile; fileRef = 6553A805295DA232000EB084 /* OpsClock.xcdatamodeld */; };
		6553A809295DA232000EB084 /* ContentView.swift in Sources */ = {isa = PBXBuildFile; fileRef = 6553A808295DA232000EB084 /* ContentView.swift */; };
		6553A80F295DA233000EB084 /* Preview Assets.xcassets in Resources */ = {isa = PBXBuildFile; fileRef = 6553A80E295DA233000EB084 /* Preview Assets.xcassets */; };
		6553A819295DA233000EB084 /* OpsClockTests.swift in Sources */ = {isa = PBXBuildFile; fileRef = 6553A818295DA233000EB084 /* OpsClockTests.swift */; };
		6553A823295DA233000EB084 /* OpsClockUITests.swift in Sources */ = {isa = PBXBuildFile; fileRef = 6553A822295DA233000EB084 /* OpsClockUITests.swift */; };
		6553A825295DA233000EB084 /* OpsClockUITestsLaunchTests.swift in Sources */ = {isa = PBXBuildFile; fileRef = 6553A824295DA233000EB084 /* OpsClockUITestsLaunchTests.swift */; };
		65AF504E295DE50100030404 /* Assets.xcassets in Resources */ = {isa = PBXBuildFile; fileRef = 6553A80A295DA233000EB084 /* Assets.xcassets */; };
/* End PBXBuildFile section */

/* Begin PBXContainerItemProxy section */
		6553A815295DA233000EB084 /* PBXContainerItemProxy */ = {
			isa = PBXContainerItemProxy;
			containerPortal = 6553A7F6295DA232000EB084 /* Project object */;
			proxyType = 1;
			remoteGlobalIDString = 6553A7FD295DA232000EB084;
			remoteInfo = OpsClock;
		};
		6553A81F295DA233000EB084 /* PBXContainerItemProxy */ = {
			isa = PBXContainerItemProxy;
			containerPortal = 6553A7F6295DA232000EB084 /* Project object */;
			proxyType = 1;
			remoteGlobalIDString = 6553A7FD295DA232000EB084;
			remoteInfo = OpsClock;
		};
/* End PBXContainerItemProxy section */

/* Begin PBXFileReference section */
		652EF595295F8987008D6EEE /* UbuntuMono-BI.ttf */ = {isa = PBXFileReference; lastKnownFileType = file; path = "UbuntuMono-BI.ttf"; sourceTree = "<group>"; };
		652EF596295F8987008D6EEE /* UbuntuMono-R.ttf */ = {isa = PBXFileReference; lastKnownFileType = file; path = "UbuntuMono-R.ttf"; sourceTree = "<group>"; };
		652EF597295F8987008D6EEE /* UbuntuMono-B.ttf */ = {isa = PBXFileReference; lastKnownFileType = file; path = "UbuntuMono-B.ttf"; sourceTree = "<group>"; };
		652EF598295F8987008D6EEE /* UbuntuMono-RI.ttf */ = {isa = PBXFileReference; lastKnownFileType = file; path = "UbuntuMono-RI.ttf"; sourceTree = "<group>"; };
		6553A7FE295DA232000EB084 /* OpsClock.app */ = {isa = PBXFileReference; explicitFileType = wrapper.application; includeInIndex = 0; path = OpsClock.app; sourceTree = BUILT_PRODUCTS_DIR; };
		6553A801295DA232000EB084 /* OpsClockApp.swift */ = {isa = PBXFileReference; lastKnownFileType = sourcecode.swift; path = OpsClockApp.swift; sourceTree = "<group>"; };
		6553A803295DA232000EB084 /* Persistence.swift */ = {isa = PBXFileReference; lastKnownFileType = sourcecode.swift; path = Persistence.swift; sourceTree = "<group>"; };
		6553A806295DA232000EB084 /* OpsClock.xcdatamodel */ = {isa = PBXFileReference; lastKnownFileType = wrapper.xcdatamodel; path = OpsClock.xcdatamodel; sourceTree = "<group>"; };
		6553A808295DA232000EB084 /* ContentView.swift */ = {isa = PBXFileReference; lastKnownFileType = sourcecode.swift; path = ContentView.swift; sourceTree = "<group>"; };
		6553A80A295DA233000EB084 /* Assets.xcassets */ = {isa = PBXFileReference; lastKnownFileType = folder.assetcatalog; path = Assets.xcassets; sourceTree = "<group>"; };
		6553A80C295DA233000EB084 /* OpsClock.entitlements */ = {isa = PBXFileReference; lastKnownFileType = text.plist.entitlements; path = OpsClock.entitlements; sourceTree = "<group>"; };
		6553A80E295DA233000EB084 /* Preview Assets.xcassets */ = {isa = PBXFileReference; lastKnownFileType = folder.assetcatalog; path = "Preview Assets.xcassets"; sourceTree = "<group>"; };
		6553A814295DA233000EB084 /* OpsClockTests.xctest */ = {isa = PBXFileReference; explicitFileType = wrapper.cfbundle; includeInIndex = 0; path = OpsClockTests.xctest; sourceTree = BUILT_PRODUCTS_DIR; };
		6553A818295DA233000EB084 /* OpsClockTests.swift */ = {isa = PBXFileReference; lastKnownFileType = sourcecode.swift; path = OpsClockTests.swift; sourceTree = "<group>"; };
		6553A81E295DA233000EB084 /* OpsClockUITests.xctest */ = {isa = PBXFileReference; explicitFileType = wrapper.cfbundle; includeInIndex = 0; path = OpsClockUITests.xctest; sourceTree = BUILT_PRODUCTS_DIR; };
		6553A822295DA233000EB084 /* OpsClockUITests.swift */ = {isa = PBXFileReference; lastKnownFileType = sourcecode.swift; path = OpsClockUITests.swift; sourceTree = "<group>"; };
		6553A824295DA233000EB084 /* OpsClockUITestsLaunchTests.swift */ = {isa = PBXFileReference; lastKnownFileType = sourcecode.swift; path = OpsClockUITestsLaunchTests.swift; sourceTree = "<group>"; };
/* End PBXFileReference section */

/* Begin PBXFrameworksBuildPhase section */
		6553A7FB295DA232000EB084 /* Frameworks */ = {
			isa = PBXFrameworksBuildPhase;
			buildActionMask = 2147483647;
			files = (
				652F6A83295DDAFF0017FEAA /* AttributedText in Frameworks */,
			);
			runOnlyForDeploymentPostprocessing = 0;
		};
		6553A811295DA233000EB084 /* Frameworks */ = {
			isa = PBXFrameworksBuildPhase;
			buildActionMask = 2147483647;
			files = (
			);
			runOnlyForDeploymentPostprocessing = 0;
		};
		6553A81B295DA233000EB084 /* Frameworks */ = {
			isa = PBXFrameworksBuildPhase;
			buildActionMask = 2147483647;
			files = (
			);
			runOnlyForDeploymentPostprocessing = 0;
		};
/* End PBXFrameworksBuildPhase section */

/* Begin PBXGroup section */
		6553A7F5295DA232000EB084 = {
			isa = PBXGroup;
			children = (
				6553A800295DA232000EB084 /* OpsClock */,
				6553A817295DA233000EB084 /* OpsClockTests */,
				6553A821295DA233000EB084 /* OpsClockUITests */,
				6553A7FF295DA232000EB084 /* Products */,
			);
			sourceTree = "<group>";
		};
		6553A7FF295DA232000EB084 /* Products */ = {
			isa = PBXGroup;
			children = (
				6553A7FE295DA232000EB084 /* OpsClock.app */,
				6553A814295DA233000EB084 /* OpsClockTests.xctest */,
				6553A81E295DA233000EB084 /* OpsClockUITests.xctest */,
			);
			name = Products;
			sourceTree = "<group>";
		};
		6553A800295DA232000EB084 /* OpsClock */ = {
			isa = PBXGroup;
			children = (
				652EF597295F8987008D6EEE /* UbuntuMono-B.ttf */,
				652EF595295F8987008D6EEE /* UbuntuMono-BI.ttf */,
				652EF596295F8987008D6EEE /* UbuntuMono-R.ttf */,
				652EF598295F8987008D6EEE /* UbuntuMono-RI.ttf */,
				6553A801295DA232000EB084 /* OpsClockApp.swift */,
				6553A803295DA232000EB084 /* Persistence.swift */,
				6553A808295DA232000EB084 /* ContentView.swift */,
				6553A80A295DA233000EB084 /* Assets.xcassets */,
				6553A80C295DA233000EB084 /* OpsClock.entitlements */,
				6553A805295DA232000EB084 /* OpsClock.xcdatamodeld */,
				6553A80D295DA233000EB084 /* Preview Content */,
			);
			path = OpsClock;
			sourceTree = "<group>";
		};
		6553A80D295DA233000EB084 /* Preview Content */ = {
			isa = PBXGroup;
			children = (
				6553A80E295DA233000EB084 /* Preview Assets.xcassets */,
			);
			path = "Preview Content";
			sourceTree = "<group>";
		};
		6553A817295DA233000EB084 /* OpsClockTests */ = {
			isa = PBXGroup;
			children = (
				6553A818295DA233000EB084 /* OpsClockTests.swift */,
			);
			path = OpsClockTests;
			sourceTree = "<group>";
		};
		6553A821295DA233000EB084 /* OpsClockUITests */ = {
			isa = PBXGroup;
			children = (
				6553A822295DA233000EB084 /* OpsClockUITests.swift */,
				6553A824295DA233000EB084 /* OpsClockUITestsLaunchTests.swift */,
			);
			path = OpsClockUITests;
			sourceTree = "<group>";
		};
/* End PBXGroup section */

/* Begin PBXNativeTarget section */
		6553A7FD295DA232000EB084 /* OpsClock */ = {
			isa = PBXNativeTarget;
			buildConfigurationList = 6553A828295DA233000EB084 /* Build configuration list for PBXNativeTarget "OpsClock" */;
			buildPhases = (
				6553A7FA295DA232000EB084 /* Sources */,
				6553A7FB295DA232000EB084 /* Frameworks */,
				6553A7FC295DA232000EB084 /* Resources */,
			);
			buildRules = (
			);
			dependencies = (
			);
			name = OpsClock;
			packageProductDependencies = (
				652F6A82295DDAFF0017FEAA /* AttributedText */,
			);
			productName = OpsClock;
			productReference = 6553A7FE295DA232000EB084 /* OpsClock.app */;
			productType = "com.apple.product-type.application";
		};
		6553A813295DA233000EB084 /* OpsClockTests */ = {
			isa = PBXNativeTarget;
			buildConfigurationList = 6553A82B295DA233000EB084 /* Build configuration list for PBXNativeTarget "OpsClockTests" */;
			buildPhases = (
				6553A810295DA233000EB084 /* Sources */,
				6553A811295DA233000EB084 /* Frameworks */,
				6553A812295DA233000EB084 /* Resources */,
			);
			buildRules = (
			);
			dependencies = (
				6553A816295DA233000EB084 /* PBXTargetDependency */,
			);
			name = OpsClockTests;
			productName = OpsClockTests;
			productReference = 6553A814295DA233000EB084 /* OpsClockTests.xctest */;
			productType = "com.apple.product-type.bundle.unit-test";
		};
		6553A81D295DA233000EB084 /* OpsClockUITests */ = {
			isa = PBXNativeTarget;
			buildConfigurationList = 6553A82E295DA233000EB084 /* Build configuration list for PBXNativeTarget "OpsClockUITests" */;
			buildPhases = (
				6553A81A295DA233000EB084 /* Sources */,
				6553A81B295DA233000EB084 /* Frameworks */,
				6553A81C295DA233000EB084 /* Resources */,
			);
			buildRules = (
			);
			dependencies = (
				6553A820295DA233000EB084 /* PBXTargetDependency */,
			);
			name = OpsClockUITests;
			productName = OpsClockUITests;
			productReference = 6553A81E295DA233000EB084 /* OpsClockUITests.xctest */;
			productType = "com.apple.product-type.bundle.ui-testing";
		};
/* End PBXNativeTarget section */

/* Begin PBXProject section */
		6553A7F6295DA232000EB084 /* Project object */ = {
			isa = PBXProject;
			attributes = {
				BuildIndependentTargetsInParallel = 1;
				LastSwiftUpdateCheck = 1410;
				LastUpgradeCheck = 1410;
				TargetAttributes = {
					6553A7FD295DA232000EB084 = {
						CreatedOnToolsVersion = 14.1;
					};
					6553A813295DA233000EB084 = {
						CreatedOnToolsVersion = 14.1;
						TestTargetID = 6553A7FD295DA232000EB084;
					};
					6553A81D295DA233000EB084 = {
						CreatedOnToolsVersion = 14.1;
						TestTargetID = 6553A7FD295DA232000EB084;
					};
				};
			};
			buildConfigurationList = 6553A7F9295DA232000EB084 /* Build configuration list for PBXProject "OpsClock" */;
			compatibilityVersion = "Xcode 14.0";
			developmentRegion = en;
			hasScannedForEncodings = 0;
			knownRegions = (
				en,
				Base,
			);
			mainGroup = 6553A7F5295DA232000EB084;
			packageReferences = (
				652F6A81295DDAFF0017FEAA /* XCRemoteSwiftPackageReference "AttributedText" */,
			);
			productRefGroup = 6553A7FF295DA232000EB084 /* Products */;
			projectDirPath = "";
			projectRoot = "";
			targets = (
				6553A7FD295DA232000EB084 /* OpsClock */,
				6553A813295DA233000EB084 /* OpsClockTests */,
				6553A81D295DA233000EB084 /* OpsClockUITests */,
			);
		};
/* End PBXProject section */

/* Begin PBXResourcesBuildPhase section */
		6553A7FC295DA232000EB084 /* Resources */ = {
			isa = PBXResourcesBuildPhase;
			buildActionMask = 2147483647;
			files = (
				65AF504E295DE50100030404 /* Assets.xcassets in Resources */,
				6553A80F295DA233000EB084 /* Preview Assets.xcassets in Resources */,
				652EF599295F8987008D6EEE /* UbuntuMono-BI.ttf in Resources */,
				652EF59B295F8987008D6EEE /* UbuntuMono-B.ttf in Resources */,
				652EF59A295F8987008D6EEE /* UbuntuMono-R.ttf in Resources */,
				652EF59C295F8987008D6EEE /* UbuntuMono-RI.ttf in Resources */,
			);
			runOnlyForDeploymentPostprocessing = 0;
		};
		6553A812295DA233000EB084 /* Resources */ = {
			isa = PBXResourcesBuildPhase;
			buildActionMask = 2147483647;
			files = (
			);
			runOnlyForDeploymentPostprocessing = 0;
		};
		6553A81C295DA233000EB084 /* Resources */ = {
			isa = PBXResourcesBuildPhase;
			buildActionMask = 2147483647;
			files = (
			);
			runOnlyForDeploymentPostprocessing = 0;
		};
/* End PBXResourcesBuildPhase section */

/* Begin PBXSourcesBuildPhase section */
		6553A7FA295DA232000EB084 /* Sources */ = {
			isa = PBXSourcesBuildPhase;
			buildActionMask = 2147483647;
			files = (
				6553A802295DA232000EB084 /* OpsClockApp.swift in Sources */,
				6553A804295DA232000EB084 /* Persistence.swift in Sources */,
				6553A809295DA232000EB084 /* ContentView.swift in Sources */,
				6553A807295DA232000EB084 /* OpsClock.xcdatamodeld in Sources */,
			);
			runOnlyForDeploymentPostprocessing = 0;
		};
		6553A810295DA233000EB084 /* Sources */ = {
			isa = PBXSourcesBuildPhase;
			buildActionMask = 2147483647;
			files = (
				6553A819295DA233000EB084 /* OpsClockTests.swift in Sources */,
			);
			runOnlyForDeploymentPostprocessing = 0;
		};
		6553A81A295DA233000EB084 /* Sources */ = {
			isa = PBXSourcesBuildPhase;
			buildActionMask = 2147483647;
			files = (
				6553A825295DA233000EB084 /* OpsClockUITestsLaunchTests.swift in Sources */,
				6553A823295DA233000EB084 /* OpsClockUITests.swift in Sources */,
			);
			runOnlyForDeploymentPostprocessing = 0;
		};
/* End PBXSourcesBuildPhase section */

/* Begin PBXTargetDependency section */
		6553A816295DA233000EB084 /* PBXTargetDependency */ = {
			isa = PBXTargetDependency;
			target = 6553A7FD295DA232000EB084 /* OpsClock */;
			targetProxy = 6553A815295DA233000EB084 /* PBXContainerItemProxy */;
		};
		6553A820295DA233000EB084 /* PBXTargetDependency */ = {
			isa = PBXTargetDependency;
			target = 6553A7FD295DA232000EB084 /* OpsClock */;
			targetProxy = 6553A81F295DA233000EB084 /* PBXContainerItemProxy */;
		};
/* End PBXTargetDependency section */

/* Begin XCBuildConfiguration section */
		6553A826295DA233000EB084 /* Debug */ = {
			isa = XCBuildConfiguration;
			buildSettings = {
				ALWAYS_SEARCH_USER_PATHS = NO;
				CLANG_ANALYZER_NONNULL = YES;
				CLANG_ANALYZER_NUMBER_OBJECT_CONVERSION = YES_AGGRESSIVE;
				CLANG_CXX_LANGUAGE_STANDARD = "gnu++20";
				CLANG_ENABLE_MODULES = YES;
				CLANG_ENABLE_OBJC_ARC = YES;
				CLANG_ENABLE_OBJC_WEAK = YES;
				CLANG_WARN_BLOCK_CAPTURE_AUTORELEASING = YES;
				CLANG_WARN_BOOL_CONVERSION = YES;
				CLANG_WARN_COMMA = YES;
				CLANG_WARN_CONSTANT_CONVERSION = YES;
				CLANG_WARN_DEPRECATED_OBJC_IMPLEMENTATIONS = YES;
				CLANG_WARN_DIRECT_OBJC_ISA_USAGE = YES_ERROR;
				CLANG_WARN_DOCUMENTATION_COMMENTS = YES;
				CLANG_WARN_EMPTY_BODY = YES;
				CLANG_WARN_ENUM_CONVERSION = YES;
				CLANG_WARN_INFINITE_RECURSION = YES;
				CLANG_WARN_INT_CONVERSION = YES;
				CLANG_WARN_NON_LITERAL_NULL_CONVERSION = YES;
				CLANG_WARN_OBJC_IMPLICIT_RETAIN_SELF = YES;
				CLANG_WARN_OBJC_LITERAL_CONVERSION = YES;
				CLANG_WARN_OBJC_ROOT_CLASS = YES_ERROR;
				CLANG_WARN_QUOTED_INCLUDE_IN_FRAMEWORK_HEADER = YES;
				CLANG_WARN_RANGE_LOOP_ANALYSIS = YES;
				CLANG_WARN_STRICT_PROTOTYPES = YES;
				CLANG_WARN_SUSPICIOUS_MOVE = YES;
				CLANG_WARN_UNGUARDED_AVAILABILITY = YES_AGGRESSIVE;
				CLANG_WARN_UNREACHABLE_CODE = YES;
				CLANG_WARN__DUPLICATE_METHOD_MATCH = YES;
				COPY_PHASE_STRIP = NO;
				DEBUG_INFORMATION_FORMAT = dwarf;
				ENABLE_STRICT_OBJC_MSGSEND = YES;
				ENABLE_TESTABILITY = YES;
				GCC_C_LANGUAGE_STANDARD = gnu11;
				GCC_DYNAMIC_NO_PIC = NO;
				GCC_NO_COMMON_BLOCKS = YES;
				GCC_OPTIMIZATION_LEVEL = 0;
				GCC_PREPROCESSOR_DEFINITIONS = (
					"DEBUG=1",
					"$(inherited)",
				);
				GCC_WARN_64_TO_32_BIT_CONVERSION = YES;
				GCC_WARN_ABOUT_RETURN_TYPE = YES_ERROR;
				GCC_WARN_UNDECLARED_SELECTOR = YES;
				GCC_WARN_UNINITIALIZED_AUTOS = YES_AGGRESSIVE;
				GCC_WARN_UNUSED_FUNCTION = YES;
				GCC_WARN_UNUSED_VARIABLE = YES;
				MTL_ENABLE_DEBUG_INFO = INCLUDE_SOURCE;
				MTL_FAST_MATH = YES;
				ONLY_ACTIVE_ARCH = YES;
				SWIFT_ACTIVE_COMPILATION_CONDITIONS = DEBUG;
				SWIFT_OPTIMIZATION_LEVEL = "-Onone";
			};
			name = Debug;
		};
		6553A827295DA233000EB084 /* Release */ = {
			isa = XCBuildConfiguration;
			buildSettings = {
				ALWAYS_SEARCH_USER_PATHS = NO;
				CLANG_ANALYZER_NONNULL = YES;
				CLANG_ANALYZER_NUMBER_OBJECT_CONVERSION = YES_AGGRESSIVE;
				CLANG_CXX_LANGUAGE_STANDARD = "gnu++20";
				CLANG_ENABLE_MODULES = YES;
				CLANG_ENABLE_OBJC_ARC = YES;
				CLANG_ENABLE_OBJC_WEAK = YES;
				CLANG_WARN_BLOCK_CAPTURE_AUTORELEASING = YES;
				CLANG_WARN_BOOL_CONVERSION = YES;
				CLANG_WARN_COMMA = YES;
				CLANG_WARN_CONSTANT_CONVERSION = YES;
				CLANG_WARN_DEPRECATED_OBJC_IMPLEMENTATIONS = YES;
				CLANG_WARN_DIRECT_OBJC_ISA_USAGE = YES_ERROR;
				CLANG_WARN_DOCUMENTATION_COMMENTS = YES;
				CLANG_WARN_EMPTY_BODY = YES;
				CLANG_WARN_ENUM_CONVERSION = YES;
				CLANG_WARN_INFINITE_RECURSION = YES;
				CLANG_WARN_INT_CONVERSION = YES;
				CLANG_WARN_NON_LITERAL_NULL_CONVERSION = YES;
				CLANG_WARN_OBJC_IMPLICIT_RETAIN_SELF = YES;
				CLANG_WARN_OBJC_LITERAL_CONVERSION = YES;
				CLANG_WARN_OBJC_ROOT_CLASS = YES_ERROR;
				CLANG_WARN_QUOTED_INCLUDE_IN_FRAMEWORK_HEADER = YES;
				CLANG_WARN_RANGE_LOOP_ANALYSIS = YES;
				CLANG_WARN_STRICT_PROTOTYPES = YES;
				CLANG_WARN_SUSPICIOUS_MOVE = YES;
				CLANG_WARN_UNGUARDED_AVAILABILITY = YES_AGGRESSIVE;
				CLANG_WARN_UNREACHABLE_CODE = YES;
				CLANG_WARN__DUPLICATE_METHOD_MATCH = YES;
				COPY_PHASE_STRIP = NO;
				DEBUG_INFORMATION_FORMAT = "dwarf-with-dsym";
				ENABLE_NS_ASSERTIONS = NO;
				ENABLE_STRICT_OBJC_MSGSEND = YES;
				GCC_C_LANGUAGE_STANDARD = gnu11;
				GCC_NO_COMMON_BLOCKS = YES;
				GCC_WARN_64_TO_32_BIT_CONVERSION = YES;
				GCC_WARN_ABOUT_RETURN_TYPE = YES_ERROR;
				GCC_WARN_UNDECLARED_SELECTOR = YES;
				GCC_WARN_UNINITIALIZED_AUTOS = YES_AGGRESSIVE;
				GCC_WARN_UNUSED_FUNCTION = YES;
				GCC_WARN_UNUSED_VARIABLE = YES;
				MTL_ENABLE_DEBUG_INFO = NO;
				MTL_FAST_MATH = YES;
				ONLY_ACTIVE_ARCH = YES;
				SWIFT_COMPILATION_MODE = wholemodule;
				SWIFT_OPTIMIZATION_LEVEL = "-O";
			};
			name = Release;
		};
		6553A829295DA233000EB084 /* Debug */ = {
			isa = XCBuildConfiguration;
			buildSettings = {
				ASSETCATALOG_COMPILER_APPICON_NAME = AppIcon;
				ASSETCATALOG_COMPILER_GLOBAL_ACCENT_COLOR_NAME = AccentColor;
				ASSETCATALOG_COMPILER_INCLUDE_ALL_APPICON_ASSETS = YES;
				CODE_SIGN_ENTITLEMENTS = OpsClock/OpsClock.entitlements;
				"CODE_SIGN_IDENTITY[sdk=macosx*]" = "Apple Development";
				CODE_SIGN_STYLE = Automatic;
				CURRENT_PROJECT_VERSION = 1;
				DEVELOPMENT_ASSET_PATHS = "\"OpsClock/Preview Content\"";
				DEVELOPMENT_TEAM = LQ75FXD5K6;
				ENABLE_HARDENED_RUNTIME = YES;
				ENABLE_PREVIEWS = YES;
				GENERATE_INFOPLIST_FILE = YES;
				INFOPLIST_FILE = OpsClock/Info.plist;
				INFOPLIST_KEY_CFBundleDisplayName = OpsClock;
				INFOPLIST_KEY_LSApplicationCategoryType = "public.app-category.utilities";
				"INFOPLIST_KEY_UIApplicationSceneManifest_Generation[sdk=iphoneos*]" = YES;
				"INFOPLIST_KEY_UIApplicationSceneManifest_Generation[sdk=iphonesimulator*]" = YES;
				"INFOPLIST_KEY_UIApplicationSupportsIndirectInputEvents[sdk=iphoneos*]" = YES;
				"INFOPLIST_KEY_UIApplicationSupportsIndirectInputEvents[sdk=iphonesimulator*]" = YES;
				"INFOPLIST_KEY_UILaunchScreen_Generation[sdk=iphoneos*]" = YES;
				"INFOPLIST_KEY_UILaunchScreen_Generation[sdk=iphonesimulator*]" = YES;
				INFOPLIST_KEY_UILaunchStoryboardName = AppIcon;
				"INFOPLIST_KEY_UIStatusBarStyle[sdk=iphoneos*]" = UIStatusBarStyleDefault;
				"INFOPLIST_KEY_UIStatusBarStyle[sdk=iphonesimulator*]" = UIStatusBarStyleDefault;
				INFOPLIST_KEY_UISupportedInterfaceOrientations = "UIInterfaceOrientationLandscapeLeft UIInterfaceOrientationLandscapeRight UIInterfaceOrientationPortrait";
				INFOPLIST_KEY_UISupportedInterfaceOrientations_iPad = "UIInterfaceOrientationLandscapeLeft UIInterfaceOrientationLandscapeRight UIInterfaceOrientationPortrait UIInterfaceOrientationPortraitUpsideDown";
				IPHONEOS_DEPLOYMENT_TARGET = 16.1;
				LD_RUNPATH_SEARCH_PATHS = "@executable_path/Frameworks";
				"LD_RUNPATH_SEARCH_PATHS[sdk=macosx*]" = "@executable_path/../Frameworks";
				MACOSX_DEPLOYMENT_TARGET = 13.0;
				MARKETING_VERSION = 0.2;
				PRODUCT_BUNDLE_IDENTIFIER = cloud.skowronski.OpsClock;
				PRODUCT_NAME = "$(TARGET_NAME)";
				SDKROOT = auto;
				SUPPORTED_PLATFORMS = "appletvos appletvsimulator iphoneos iphonesimulator macosx";
				SUPPORTS_MACCATALYST = NO;
				SUPPORTS_MAC_DESIGNED_FOR_IPHONE_IPAD = NO;
				SWIFT_EMIT_LOC_STRINGS = YES;
				SWIFT_VERSION = 5.0;
				TARGETED_DEVICE_FAMILY = "1,2,3";
			};
			name = Debug;
		};
		6553A82A295DA233000EB084 /* Release */ = {
			isa = XCBuildConfiguration;
			buildSettings = {
				ASSETCATALOG_COMPILER_APPICON_NAME = AppIcon;
				ASSETCATALOG_COMPILER_GLOBAL_ACCENT_COLOR_NAME = AccentColor;
				ASSETCATALOG_COMPILER_INCLUDE_ALL_APPICON_ASSETS = YES;
				CODE_SIGN_ENTITLEMENTS = OpsClock/OpsClock.entitlements;
				"CODE_SIGN_IDENTITY[sdk=macosx*]" = "Apple Development";
				CODE_SIGN_STYLE = Automatic;
				CURRENT_PROJECT_VERSION = 1;
				DEVELOPMENT_ASSET_PATHS = "\"OpsClock/Preview Content\"";
				DEVELOPMENT_TEAM = LQ75FXD5K6;
				ENABLE_HARDENED_RUNTIME = YES;
				ENABLE_PREVIEWS = YES;
				GENERATE_INFOPLIST_FILE = YES;
				INFOPLIST_FILE = OpsClock/Info.plist;
				INFOPLIST_KEY_CFBundleDisplayName = OpsClock;
				INFOPLIST_KEY_LSApplicationCategoryType = "public.app-category.utilities";
				"INFOPLIST_KEY_UIApplicationSceneManifest_Generation[sdk=iphoneos*]" = YES;
				"INFOPLIST_KEY_UIApplicationSceneManifest_Generation[sdk=iphonesimulator*]" = YES;
				"INFOPLIST_KEY_UIApplicationSupportsIndirectInputEvents[sdk=iphoneos*]" = YES;
				"INFOPLIST_KEY_UIApplicationSupportsIndirectInputEvents[sdk=iphonesimulator*]" = YES;
				"INFOPLIST_KEY_UILaunchScreen_Generation[sdk=iphoneos*]" = YES;
				"INFOPLIST_KEY_UILaunchScreen_Generation[sdk=iphonesimulator*]" = YES;
				INFOPLIST_KEY_UILaunchStoryboardName = AppIcon;
				"INFOPLIST_KEY_UIStatusBarStyle[sdk=iphoneos*]" = UIStatusBarStyleDefault;
				"INFOPLIST_KEY_UIStatusBarStyle[sdk=iphonesimulator*]" = UIStatusBarStyleDefault;
				INFOPLIST_KEY_UISupportedInterfaceOrientations = "UIInterfaceOrientationLandscapeLeft UIInterfaceOrientationLandscapeRight UIInterfaceOrientationPortrait";
				INFOPLIST_KEY_UISupportedInterfaceOrientations_iPad = "UIInterfaceOrientationLandscapeLeft UIInterfaceOrientationLandscapeRight UIInterfaceOrientationPortrait UIInterfaceOrientationPortraitUpsideDown";
				IPHONEOS_DEPLOYMENT_TARGET = 16.1;
				LD_RUNPATH_SEARCH_PATHS = "@executable_path/Frameworks";
				"LD_RUNPATH_SEARCH_PATHS[sdk=macosx*]" = "@executable_path/../Frameworks";
				MACOSX_DEPLOYMENT_TARGET = 13.0;
				MARKETING_VERSION = 0.2;
				PRODUCT_BUNDLE_IDENTIFIER = cloud.skowronski.OpsClock;
				PRODUCT_NAME = "$(TARGET_NAME)";
				SDKROOT = auto;
				SUPPORTED_PLATFORMS = "appletvos appletvsimulator iphoneos iphonesimulator macosx";
				SUPPORTS_MACCATALYST = NO;
				SUPPORTS_MAC_DESIGNED_FOR_IPHONE_IPAD = NO;
				SWIFT_EMIT_LOC_STRINGS = YES;
				SWIFT_VERSION = 5.0;
				TARGETED_DEVICE_FAMILY = "1,2,3";
			};
			name = Release;
		};
		6553A82C295DA233000EB084 /* Debug */ = {
			isa = XCBuildConfiguration;
			buildSettings = {
				ALWAYS_EMBED_SWIFT_STANDARD_LIBRARIES = YES;
				BUNDLE_LOADER = "$(TEST_HOST)";
				CODE_SIGN_STYLE = Automatic;
				CURRENT_PROJECT_VERSION = 1;
				DEVELOPMENT_TEAM = LQ75FXD5K6;
				GENERATE_INFOPLIST_FILE = YES;
				IPHONEOS_DEPLOYMENT_TARGET = 16.1;
				MACOSX_DEPLOYMENT_TARGET = 13.0;
				MARKETING_VERSION = 1.0;
				PRODUCT_BUNDLE_IDENTIFIER = cloud.skowronski.OpsClockTests;
				PRODUCT_NAME = "$(TARGET_NAME)";
				SDKROOT = auto;
				SUPPORTED_PLATFORMS = "iphoneos iphonesimulator macosx";
				SWIFT_EMIT_LOC_STRINGS = NO;
				SWIFT_VERSION = 5.0;
				TARGETED_DEVICE_FAMILY = "1,2";
				TEST_HOST = "$(BUILT_PRODUCTS_DIR)/OpsClock.app/$(BUNDLE_EXECUTABLE_FOLDER_PATH)/OpsClock";
			};
			name = Debug;
		};
		6553A82D295DA233000EB084 /* Release */ = {
			isa = XCBuildConfiguration;
			buildSettings = {
				ALWAYS_EMBED_SWIFT_STANDARD_LIBRARIES = YES;
				BUNDLE_LOADER = "$(TEST_HOST)";
				CODE_SIGN_STYLE = Automatic;
				CURRENT_PROJECT_VERSION = 1;
				DEVELOPMENT_TEAM = LQ75FXD5K6;
				GENERATE_INFOPLIST_FILE = YES;
				IPHONEOS_DEPLOYMENT_TARGET = 16.1;
				MACOSX_DEPLOYMENT_TARGET = 13.0;
				MARKETING_VERSION = 1.0;
				PRODUCT_BUNDLE_IDENTIFIER = cloud.skowronski.OpsClockTests;
				PRODUCT_NAME = "$(TARGET_NAME)";
				SDKROOT = auto;
				SUPPORTED_PLATFORMS = "iphoneos iphonesimulator macosx";
				SWIFT_EMIT_LOC_STRINGS = NO;
				SWIFT_VERSION = 5.0;
				TARGETED_DEVICE_FAMILY = "1,2";
				TEST_HOST = "$(BUILT_PRODUCTS_DIR)/OpsClock.app/$(BUNDLE_EXECUTABLE_FOLDER_PATH)/OpsClock";
			};
			name = Release;
		};
		6553A82F295DA233000EB084 /* Debug */ = {
			isa = XCBuildConfiguration;
			buildSettings = {
				ALWAYS_EMBED_SWIFT_STANDARD_LIBRARIES = YES;
				CODE_SIGN_STYLE = Automatic;
				CURRENT_PROJECT_VERSION = 1;
				DEVELOPMENT_TEAM = LQ75FXD5K6;
				GENERATE_INFOPLIST_FILE = YES;
				IPHONEOS_DEPLOYMENT_TARGET = 16.1;
				MACOSX_DEPLOYMENT_TARGET = 13.0;
				MARKETING_VERSION = 1.0;
				PRODUCT_BUNDLE_IDENTIFIER = cloud.skowronski.OpsClockUITests;
				PRODUCT_NAME = "$(TARGET_NAME)";
				SDKROOT = auto;
				SUPPORTED_PLATFORMS = "iphoneos iphonesimulator macosx";
				SWIFT_EMIT_LOC_STRINGS = NO;
				SWIFT_VERSION = 5.0;
				TARGETED_DEVICE_FAMILY = "1,2";
				TEST_TARGET_NAME = OpsClock;
			};
			name = Debug;
		};
		6553A830295DA233000EB084 /* Release */ = {
			isa = XCBuildConfiguration;
			buildSettings = {
				ALWAYS_EMBED_SWIFT_STANDARD_LIBRARIES = YES;
				CODE_SIGN_STYLE = Automatic;
				CURRENT_PROJECT_VERSION = 1;
				DEVELOPMENT_TEAM = LQ75FXD5K6;
				GENERATE_INFOPLIST_FILE = YES;
				IPHONEOS_DEPLOYMENT_TARGET = 16.1;
				MACOSX_DEPLOYMENT_TARGET = 13.0;
				MARKETING_VERSION = 1.0;
				PRODUCT_BUNDLE_IDENTIFIER = cloud.skowronski.OpsClockUITests;
				PRODUCT_NAME = "$(TARGET_NAME)";
				SDKROOT = auto;
				SUPPORTED_PLATFORMS = "iphoneos iphonesimulator macosx";
				SWIFT_EMIT_LOC_STRINGS = NO;
				SWIFT_VERSION = 5.0;
				TARGETED_DEVICE_FAMILY = "1,2";
				TEST_TARGET_NAME = OpsClock;
			};
			name = Release;
		};
/* End XCBuildConfiguration section */

/* Begin XCConfigurationList section */
		6553A7F9295DA232000EB084 /* Build configuration list for PBXProject "OpsClock" */ = {
			isa = XCConfigurationList;
			buildConfigurations = (
				6553A826295DA233000EB084 /* Debug */,
				6553A827295DA233000EB084 /* Release */,
			);
			defaultConfigurationIsVisible = 0;
			defaultConfigurationName = Release;
		};
		6553A828295DA233000EB084 /* Build configuration list for PBXNativeTarget "OpsClock" */ = {
			isa = XCConfigurationList;
			buildConfigurations = (
				6553A829295DA233000EB084 /* Debug */,
				6553A82A295DA233000EB084 /* Release */,
			);
			defaultConfigurationIsVisible = 0;
			defaultConfigurationName = Release;
		};
		6553A82B295DA233000EB084 /* Build configuration list for PBXNativeTarget "OpsClockTests" */ = {
			isa = XCConfigurationList;
			buildConfigurations = (
				6553A82C295DA233000EB084 /* Debug */,
				6553A82D295DA233000EB084 /* Release */,
			);
			defaultConfigurationIsVisible = 0;
			defaultConfigurationName = Release;
		};
		6553A82E295DA233000EB084 /* Build configuration list for PBXNativeTarget "OpsClockUITests" */ = {
			isa = XCConfigurationList;
			buildConfigurations = (
				6553A82F295DA233000EB084 /* Debug */,
				6553A830295DA233000EB084 /* Release */,
			);
			defaultConfigurationIsVisible = 0;
			defaultConfigurationName = Release;
		};
/* End XCConfigurationList section */

/* Begin XCRemoteSwiftPackageReference section */
		652F6A81295DDAFF0017FEAA /* XCRemoteSwiftPackageReference "AttributedText" */ = {
			isa = XCRemoteSwiftPackageReference;
			repositoryURL = "https://github.com/Iaenhaall/AttributedText.git";
			requirement = {
				kind = upToNextMajorVersion;
				minimumVersion = 1.0.0;
			};
		};
/* End XCRemoteSwiftPackageReference section */

/* Begin XCSwiftPackageProductDependency section */
		652F6A82295DDAFF0017FEAA /* AttributedText */ = {
			isa = XCSwiftPackageProductDependency;
			package = 652F6A81295DDAFF0017FEAA /* XCRemoteSwiftPackageReference "AttributedText" */;
			productName = AttributedText;
		};
/* End XCSwiftPackageProductDependency section */

/* Begin XCVersionGroup section */
		6553A805295DA232000EB084 /* OpsClock.xcdatamodeld */ = {
			isa = XCVersionGroup;
			children = (
				6553A806295DA232000EB084 /* OpsClock.xcdatamodel */,
			);
			currentVersion = 6553A806295DA232000EB084 /* OpsClock.xcdatamodel */;
			path = OpsClock.xcdatamodeld;
			sourceTree = "<group>";
			versionGroupType = wrapper.xcdatamodel;
		};
/* End XCVersionGroup section */
	};
	rootObject = 6553A7F6295DA232000EB084 /* Project object */;
}
